// !$*UTF8*$!
{
	archiveVersion = 1;
	classes = {
	};
	objectVersion = 50;
	objects = {

/* Begin PBXBuildFile section */
		CF89D47D21CA4405009D9136 /* TableViewController.swift in Sources */ = {isa = PBXBuildFile; fileRef = CF89D47C21CA4405009D9136 /* TableViewController.swift */; };
		CFFCE6F821CA38DE00EC5BC8 /* AppDelegate.swift in Sources */ = {isa = PBXBuildFile; fileRef = CFFCE6F721CA38DE00EC5BC8 /* AppDelegate.swift */; };
		CFFCE6FD21CA38DE00EC5BC8 /* Main.storyboard in Resources */ = {isa = PBXBuildFile; fileRef = CFFCE6FB21CA38DE00EC5BC8 /* Main.storyboard */; };
		CFFCE6FF21CA38DF00EC5BC8 /* Assets.xcassets in Resources */ = {isa = PBXBuildFile; fileRef = CFFCE6FE21CA38DF00EC5BC8 /* Assets.xcassets */; };
		CFFCE70221CA38DF00EC5BC8 /* LaunchScreen.storyboard in Resources */ = {isa = PBXBuildFile; fileRef = CFFCE70021CA38DF00EC5BC8 /* LaunchScreen.storyboard */; };
		CFFCE70D21CA390C00EC5BC8 /* Git.swift in Sources */ = {isa = PBXBuildFile; fileRef = CFFCE70A21CA390C00EC5BC8 /* Git.swift */; };
		CFFCE70E21CA390C00EC5BC8 /* License.swift in Sources */ = {isa = PBXBuildFile; fileRef = CFFCE70B21CA390C00EC5BC8 /* License.swift */; };
		CFFCE70F21CA390C00EC5BC8 /* Owner.swift in Sources */ = {isa = PBXBuildFile; fileRef = CFFCE70C21CA390C00EC5BC8 /* Owner.swift */; };
		EE98AAD149124366C46578D9 /* Pods_Lesson_06.framework in Frameworks */ = {isa = PBXBuildFile; fileRef = C372B40A027B36803571BCB9 /* Pods_Lesson_06.framework */; };
/* End PBXBuildFile section */

/* Begin PBXFileReference section */
		0BFADE2F3C10D8A4A1905316 /* Pods-Lesson-06.release.xcconfig */ = {isa = PBXFileReference; includeInIndex = 1; lastKnownFileType = text.xcconfig; name = "Pods-Lesson-06.release.xcconfig"; path = "Pods/Target Support Files/Pods-Lesson-06/Pods-Lesson-06.release.xcconfig"; sourceTree = "<group>"; };
		C372B40A027B36803571BCB9 /* Pods_Lesson_06.framework */ = {isa = PBXFileReference; explicitFileType = wrapper.framework; includeInIndex = 0; path = Pods_Lesson_06.framework; sourceTree = BUILT_PRODUCTS_DIR; };
		CF89D47C21CA4405009D9136 /* TableViewController.swift */ = {isa = PBXFileReference; lastKnownFileType = sourcecode.swift; path = TableViewController.swift; sourceTree = "<group>"; };
		CFFCE6F421CA38DD00EC5BC8 /* Lesson-06.app */ = {isa = PBXFileReference; explicitFileType = wrapper.application; includeInIndex = 0; path = "Lesson-06.app"; sourceTree = BUILT_PRODUCTS_DIR; };
		CFFCE6F721CA38DE00EC5BC8 /* AppDelegate.swift */ = {isa = PBXFileReference; lastKnownFileType = sourcecode.swift; path = AppDelegate.swift; sourceTree = "<group>"; };
		CFFCE6FC21CA38DE00EC5BC8 /* Base */ = {isa = PBXFileReference; lastKnownFileType = file.storyboard; name = Base; path = Base.lproj/Main.storyboard; sourceTree = "<group>"; };
		CFFCE6FE21CA38DF00EC5BC8 /* Assets.xcassets */ = {isa = PBXFileReference; lastKnownFileType = folder.assetcatalog; path = Assets.xcassets; sourceTree = "<group>"; };
		CFFCE70121CA38DF00EC5BC8 /* Base */ = {isa = PBXFileReference; lastKnownFileType = file.storyboard; name = Base; path = Base.lproj/LaunchScreen.storyboard; sourceTree = "<group>"; };
		CFFCE70321CA38DF00EC5BC8 /* Info.plist */ = {isa = PBXFileReference; lastKnownFileType = text.plist.xml; path = Info.plist; sourceTree = "<group>"; };
		CFFCE70A21CA390C00EC5BC8 /* Git.swift */ = {isa = PBXFileReference; fileEncoding = 4; lastKnownFileType = sourcecode.swift; path = Git.swift; sourceTree = "<group>"; };
		CFFCE70B21CA390C00EC5BC8 /* License.swift */ = {isa = PBXFileReference; fileEncoding = 4; lastKnownFileType = sourcecode.swift; path = License.swift; sourceTree = "<group>"; };
		CFFCE70C21CA390C00EC5BC8 /* Owner.swift */ = {isa = PBXFileReference; fileEncoding = 4; lastKnownFileType = sourcecode.swift; path = Owner.swift; sourceTree = "<group>"; };
		F95D0E792A28FFF397748CFB /* Pods-Lesson-06.debug.xcconfig */ = {isa = PBXFileReference; includeInIndex = 1; lastKnownFileType = text.xcconfig; name = "Pods-Lesson-06.debug.xcconfig"; path = "Pods/Target Support Files/Pods-Lesson-06/Pods-Lesson-06.debug.xcconfig"; sourceTree = "<group>"; };
/* End PBXFileReference section */

/* Begin PBXFrameworksBuildPhase section */
		CFFCE6F121CA38DD00EC5BC8 /* Frameworks */ = {
			isa = PBXFrameworksBuildPhase;
			buildActionMask = 2147483647;
			files = (
				EE98AAD149124366C46578D9 /* Pods_Lesson_06.framework in Frameworks */,
			);
			runOnlyForDeploymentPostprocessing = 0;
		};
/* End PBXFrameworksBuildPhase section */

/* Begin PBXGroup section */
		3353C76C9DF06A976B26FA38 /* Pods */ = {
			isa = PBXGroup;
			children = (
				F95D0E792A28FFF397748CFB /* Pods-Lesson-06.debug.xcconfig */,
				0BFADE2F3C10D8A4A1905316 /* Pods-Lesson-06.release.xcconfig */,
			);
			name = Pods;
			sourceTree = "<group>";
		};
		50BEE3B9465A78A397C3A1CC /* Frameworks */ = {
			isa = PBXGroup;
			children = (
				C372B40A027B36803571BCB9 /* Pods_Lesson_06.framework */,
			);
			name = Frameworks;
			sourceTree = "<group>";
		};
		CFFCE6EB21CA38DD00EC5BC8 = {
			isa = PBXGroup;
			children = (
				CFFCE6F621CA38DD00EC5BC8 /* Lesson-06 */,
				CFFCE6F521CA38DD00EC5BC8 /* Products */,
				3353C76C9DF06A976B26FA38 /* Pods */,
				50BEE3B9465A78A397C3A1CC /* Frameworks */,
			);
			sourceTree = "<group>";
		};
		CFFCE6F521CA38DD00EC5BC8 /* Products */ = {
			isa = PBXGroup;
			children = (
				CFFCE6F421CA38DD00EC5BC8 /* Lesson-06.app */,
			);
			name = Products;
			sourceTree = "<group>";
		};
		CFFCE6F621CA38DD00EC5BC8 /* Lesson-06 */ = {
			isa = PBXGroup;
			children = (
				CFFCE70921CA390300EC5BC8 /* Model */,
				CFFCE6F721CA38DE00EC5BC8 /* AppDelegate.swift */,
				CF89D47C21CA4405009D9136 /* TableViewController.swift */,
				CFFCE6FB21CA38DE00EC5BC8 /* Main.storyboard */,
				CFFCE6FE21CA38DF00EC5BC8 /* Assets.xcassets */,
				CFFCE70021CA38DF00EC5BC8 /* LaunchScreen.storyboard */,
				CFFCE70321CA38DF00EC5BC8 /* Info.plist */,
			);
			path = "Lesson-06";
			sourceTree = "<group>";
		};
		CFFCE70921CA390300EC5BC8 /* Model */ = {
			isa = PBXGroup;
			children = (
				CFFCE70A21CA390C00EC5BC8 /* Git.swift */,
				CFFCE70B21CA390C00EC5BC8 /* License.swift */,
				CFFCE70C21CA390C00EC5BC8 /* Owner.swift */,
			);
			path = Model;
			sourceTree = "<group>";
		};
/* End PBXGroup section */

/* Begin PBXNativeTarget section */
		CFFCE6F321CA38DD00EC5BC8 /* Lesson-06 */ = {
			isa = PBXNativeTarget;
			buildConfigurationList = CFFCE70621CA38DF00EC5BC8 /* Build configuration list for PBXNativeTarget "Lesson-06" */;
			buildPhases = (
				68FB77C8E5C82F5DFE45C891 /* [CP] Check Pods Manifest.lock */,
				CFFCE6F021CA38DD00EC5BC8 /* Sources */,
				CFFCE6F121CA38DD00EC5BC8 /* Frameworks */,
				CFFCE6F221CA38DD00EC5BC8 /* Resources */,
				51028C752B1407D0EAB38332 /* [CP] Embed Pods Frameworks */,
			);
			buildRules = (
			);
			dependencies = (
			);
			name = "Lesson-06";
			productName = "Lesson-06";
			productReference = CFFCE6F421CA38DD00EC5BC8 /* Lesson-06.app */;
			productType = "com.apple.product-type.application";
		};
/* End PBXNativeTarget section */

/* Begin PBXProject section */
		CFFCE6EC21CA38DD00EC5BC8 /* Project object */ = {
			isa = PBXProject;
			attributes = {
				LastSwiftUpdateCheck = 1010;
				LastUpgradeCheck = 1010;
				ORGANIZATIONNAME = pham.xuan.tien;
				TargetAttributes = {
					CFFCE6F321CA38DD00EC5BC8 = {
						CreatedOnToolsVersion = 10.1;
					};
				};
			};
			buildConfigurationList = CFFCE6EF21CA38DD00EC5BC8 /* Build configuration list for PBXProject "Lesson-06" */;
			compatibilityVersion = "Xcode 9.3";
			developmentRegion = en;
			hasScannedForEncodings = 0;
			knownRegions = (
				en,
				Base,
			);
			mainGroup = CFFCE6EB21CA38DD00EC5BC8;
			productRefGroup = CFFCE6F521CA38DD00EC5BC8 /* Products */;
			projectDirPath = "";
			projectRoot = "";
			targets = (
				CFFCE6F321CA38DD00EC5BC8 /* Lesson-06 */,
			);
		};
/* End PBXProject section */

/* Begin PBXResourcesBuildPhase section */
		CFFCE6F221CA38DD00EC5BC8 /* Resources */ = {
			isa = PBXResourcesBuildPhase;
			buildActionMask = 2147483647;
			files = (
				CFFCE70221CA38DF00EC5BC8 /* LaunchScreen.storyboard in Resources */,
				CFFCE6FF21CA38DF00EC5BC8 /* Assets.xcassets in Resources */,
				CFFCE6FD21CA38DE00EC5BC8 /* Main.storyboard in Resources */,
			);
			runOnlyForDeploymentPostprocessing = 0;
		};
/* End PBXResourcesBuildPhase section */

/* Begin PBXShellScriptBuildPhase section */
		51028C752B1407D0EAB38332 /* [CP] Embed Pods Frameworks */ = {
			isa = PBXShellScriptBuildPhase;
			buildActionMask = 2147483647;
			files = (
			);
			inputFileListPaths = (
			);
			inputPaths = (
				"${SRCROOT}/Pods/Target Support Files/Pods-Lesson-06/Pods-Lesson-06-frameworks.sh",
				"${BUILT_PRODUCTS_DIR}/Alamofire/Alamofire.framework",
				"${BUILT_PRODUCTS_DIR}/AlamofireObjectMapper/AlamofireObjectMapper.framework",
				"${BUILT_PRODUCTS_DIR}/ObjectMapper/ObjectMapper.framework",
			);
			name = "[CP] Embed Pods Frameworks";
			outputFileListPaths = (
			);
			outputPaths = (
				"${TARGET_BUILD_DIR}/${FRAMEWORKS_FOLDER_PATH}/Alamofire.framework",
				"${TARGET_BUILD_DIR}/${FRAMEWORKS_FOLDER_PATH}/AlamofireObjectMapper.framework",
				"${TARGET_BUILD_DIR}/${FRAMEWORKS_FOLDER_PATH}/ObjectMapper.framework",
			);
			runOnlyForDeploymentPostprocessing = 0;
			shellPath = /bin/sh;
			shellScript = "\"${SRCROOT}/Pods/Target Support Files/Pods-Lesson-06/Pods-Lesson-06-frameworks.sh\"\n";
			showEnvVarsInLog = 0;
		};
		68FB77C8E5C82F5DFE45C891 /* [CP] Check Pods Manifest.lock */ = {
			isa = PBXShellScriptBuildPhase;
			buildActionMask = 2147483647;
			files = (
			);
			inputFileListPaths = (
			);
			inputPaths = (
				"${PODS_PODFILE_DIR_PATH}/Podfile.lock",
				"${PODS_ROOT}/Manifest.lock",
			);
			name = "[CP] Check Pods Manifest.lock";
			outputFileListPaths = (
			);
			outputPaths = (
				"$(DERIVED_FILE_DIR)/Pods-Lesson-06-checkManifestLockResult.txt",
			);
			runOnlyForDeploymentPostprocessing = 0;
			shellPath = /bin/sh;
			shellScript = "diff \"${PODS_PODFILE_DIR_PATH}/Podfile.lock\" \"${PODS_ROOT}/Manifest.lock\" > /dev/null\nif [ $? != 0 ] ; then\n    # print error to STDERR\n    echo \"error: The sandbox is not in sync with the Podfile.lock. Run 'pod install' or update your CocoaPods installation.\" >&2\n    exit 1\nfi\n# This output is used by Xcode 'outputs' to avoid re-running this script phase.\necho \"SUCCESS\" > \"${SCRIPT_OUTPUT_FILE_0}\"\n";
			showEnvVarsInLog = 0;
		};
/* End PBXShellScriptBuildPhase section */

/* Begin PBXSourcesBuildPhase section */
		CFFCE6F021CA38DD00EC5BC8 /* Sources */ = {
			isa = PBXSourcesBuildPhase;
			buildActionMask = 2147483647;
			files = (
				CF89D47D21CA4405009D9136 /* TableViewController.swift in Sources */,
				CFFCE6F821CA38DE00EC5BC8 /* AppDelegate.swift in Sources */,
				CFFCE70D21CA390C00EC5BC8 /* Git.swift in Sources */,
				CFFCE70F21CA390C00EC5BC8 /* Owner.swift in Sources */,
				CFFCE70E21CA390C00EC5BC8 /* License.swift in Sources */,
			);
			runOnlyForDeploymentPostprocessing = 0;
		};
/* End PBXSourcesBuildPhase section */

/* Begin PBXVariantGroup section */
		CFFCE6FB21CA38DE00EC5BC8 /* Main.storyboard */ = {
			isa = PBXVariantGroup;
			children = (
				CFFCE6FC21CA38DE00EC5BC8 /* Base */,
			);
			name = Main.storyboard;
			sourceTree = "<group>";
		};
		CFFCE70021CA38DF00EC5BC8 /* LaunchScreen.storyboard */ = {
			isa = PBXVariantGroup;
			children = (
				CFFCE70121CA38DF00EC5BC8 /* Base */,
			);
			name = LaunchScreen.storyboard;
			sourceTree = "<group>";
		};
/* End PBXVariantGroup section */

/* Begin XCBuildConfiguration section */
		CFFCE70421CA38DF00EC5BC8 /* Debug */ = {
			isa = XCBuildConfiguration;
			buildSettings = {
				ALWAYS_SEARCH_USER_PATHS = NO;
				CLANG_ANALYZER_NONNULL = YES;
				CLANG_ANALYZER_NUMBER_OBJECT_CONVERSION = YES_AGGRESSIVE;
				CLANG_CXX_LANGUAGE_STANDARD = "gnu++14";
				CLANG_CXX_LIBRARY = "libc++";
				CLANG_ENABLE_MODULES = YES;
				CLANG_ENABLE_OBJC_ARC = YES;
				CLANG_ENABLE_OBJC_WEAK = YES;
				CLANG_WARN_BLOCK_CAPTURE_AUTORELEASING = YES;
				CLANG_WARN_BOOL_CONVERSION = YES;
				CLANG_WARN_COMMA = YES;
				CLANG_WARN_CONSTANT_CONVERSION = YES;
				CLANG_WARN_DEPRECATED_OBJC_IMPLEMENTATIONS = YES;
				CLANG_WARN_DIRECT_OBJC_ISA_USAGE = YES_ERROR;
				CLANG_WARN_DOCUMENTATION_COMMENTS = YES;
				CLANG_WARN_EMPTY_BODY = YES;
				CLANG_WARN_ENUM_CONVERSION = YES;
				CLANG_WARN_INFINITE_RECURSION = YES;
				CLANG_WARN_INT_CONVERSION = YES;
				CLANG_WARN_NON_LITERAL_NULL_CONVERSION = YES;
				CLANG_WARN_OBJC_IMPLICIT_RETAIN_SELF = YES;
				CLANG_WARN_OBJC_LITERAL_CONVERSION = YES;
				CLANG_WARN_OBJC_ROOT_CLASS = YES_ERROR;
				CLANG_WARN_RANGE_LOOP_ANALYSIS = YES;
				CLANG_WARN_STRICT_PROTOTYPES = YES;
				CLANG_WARN_SUSPICIOUS_MOVE = YES;
				CLANG_WARN_UNGUARDED_AVAILABILITY = YES_AGGRESSIVE;
				CLANG_WARN_UNREACHABLE_CODE = YES;
				CLANG_WARN__DUPLICATE_METHOD_MATCH = YES;
				CODE_SIGN_IDENTITY = "iPhone Developer";
				COPY_PHASE_STRIP = NO;
				DEBUG_INFORMATION_FORMAT = dwarf;
				ENABLE_STRICT_OBJC_MSGSEND = YES;
				ENABLE_TESTABILITY = YES;
				GCC_C_LANGUAGE_STANDARD = gnu11;
				GCC_DYNAMIC_NO_PIC = NO;
				GCC_NO_COMMON_BLOCKS = YES;
				GCC_OPTIMIZATION_LEVEL = 0;
				GCC_PREPROCESSOR_DEFINITIONS = (
					"DEBUG=1",
					"$(inherited)",
				);
				GCC_WARN_64_TO_32_BIT_CONVERSION = YES;
				GCC_WARN_ABOUT_RETURN_TYPE = YES_ERROR;
				GCC_WARN_UNDECLARED_SELECTOR = YES;
				GCC_WARN_UNINITIALIZED_AUTOS = YES_AGGRESSIVE;
				GCC_WARN_UNUSED_FUNCTION = YES;
				GCC_WARN_UNUSED_VARIABLE = YES;
				IPHONEOS_DEPLOYMENT_TARGET = 12.1;
				MTL_ENABLE_DEBUG_INFO = INCLUDE_SOURCE;
				MTL_FAST_MATH = YES;
				ONLY_ACTIVE_ARCH = YES;
				SDKROOT = iphoneos;
				SWIFT_ACTIVE_COMPILATION_CONDITIONS = DEBUG;
				SWIFT_OPTIMIZATION_LEVEL = "-Onone";
			};
			name = Debug;
		};
		CFFCE70521CA38DF00EC5BC8 /* Release */ = {
			isa = XCBuildConfiguration;
			buildSettings = {
				ALWAYS_SEARCH_USER_PATHS = NO;
				CLANG_ANALYZER_NONNULL = YES;
				CLANG_ANALYZER_NUMBER_OBJECT_CONVERSION = YES_AGGRESSIVE;
				CLANG_CXX_LANGUAGE_STANDARD = "gnu++14";
				CLANG_CXX_LIBRARY = "libc++";
				CLANG_ENABLE_MODULES = YES;
				CLANG_ENABLE_OBJC_ARC = YES;
				CLANG_ENABLE_OBJC_WEAK = YES;
				CLANG_WARN_BLOCK_CAPTURE_AUTORELEASING = YES;
				CLANG_WARN_BOOL_CONVERSION = YES;
				CLANG_WARN_COMMA = YES;
				CLANG_WARN_CONSTANT_CONVERSION = YES;
				CLANG_WARN_DEPRECATED_OBJC_IMPLEMENTATIONS = YES;
				CLANG_WARN_DIRECT_OBJC_ISA_USAGE = YES_ERROR;
				CLANG_WARN_DOCUMENTATION_COMMENTS = YES;
				CLANG_WARN_EMPTY_BODY = YES;
				CLANG_WARN_ENUM_CONVERSION = YES;
				CLANG_WARN_INFINITE_RECURSION = YES;
				CLANG_WARN_INT_CONVERSION = YES;
				CLANG_WARN_NON_LITERAL_NULL_CONVERSION = YES;
				CLANG_WARN_OBJC_IMPLICIT_RETAIN_SELF = YES;
				CLANG_WARN_OBJC_LITERAL_CONVERSION = YES;
				CLANG_WARN_OBJC_ROOT_CLASS = YES_ERROR;
				CLANG_WARN_RANGE_LOOP_ANALYSIS = YES;
				CLANG_WARN_STRICT_PROTOTYPES = YES;
				CLANG_WARN_SUSPICIOUS_MOVE = YES;
				CLANG_WARN_UNGUARDED_AVAILABILITY = YES_AGGRESSIVE;
				CLANG_WARN_UNREACHABLE_CODE = YES;
				CLANG_WARN__DUPLICATE_METHOD_MATCH = YES;
				CODE_SIGN_IDENTITY = "iPhone Developer";
				COPY_PHASE_STRIP = NO;
				DEBUG_INFORMATION_FORMAT = "dwarf-with-dsym";
				ENABLE_NS_ASSERTIONS = NO;
				ENABLE_STRICT_OBJC_MSGSEND = YES;
				GCC_C_LANGUAGE_STANDARD = gnu11;
				GCC_NO_COMMON_BLOCKS = YES;
				GCC_WARN_64_TO_32_BIT_CONVERSION = YES;
				GCC_WARN_ABOUT_RETURN_TYPE = YES_ERROR;
				GCC_WARN_UNDECLARED_SELECTOR = YES;
				GCC_WARN_UNINITIALIZED_AUTOS = YES_AGGRESSIVE;
				GCC_WARN_UNUSED_FUNCTION = YES;
				GCC_WARN_UNUSED_VARIABLE = YES;
				IPHONEOS_DEPLOYMENT_TARGET = 12.1;
				MTL_ENABLE_DEBUG_INFO = NO;
				MTL_FAST_MATH = YES;
				SDKROOT = iphoneos;
				SWIFT_COMPILATION_MODE = wholemodule;
				SWIFT_OPTIMIZATION_LEVEL = "-O";
				VALIDATE_PRODUCT = YES;
			};
			name = Release;
		};
		CFFCE70721CA38DF00EC5BC8 /* Debug */ = {
			isa = XCBuildConfiguration;
			baseConfigurationReference = F95D0E792A28FFF397748CFB /* Pods-Lesson-06.debug.xcconfig */;
			buildSettings = {
				ASSETCATALOG_COMPILER_APPICON_NAME = AppIcon;
				CODE_SIGN_STYLE = Automatic;
				INFOPLIST_FILE = "Lesson-06/Info.plist";
				LD_RUNPATH_SEARCH_PATHS = (
					"$(inherited)",
					"@executable_path/Frameworks",
				);
				PRODUCT_BUNDLE_IDENTIFIER = "com.tienpx.ios-training";
				PRODUCT_NAME = "$(TARGET_NAME)";
				SWIFT_VERSION = 4.2;
				TARGETED_DEVICE_FAMILY = "1,2";
			};
			name = Debug;
		};
		CFFCE70821CA38DF00EC5BC8 /* Release */ = {
			isa = XCBuildConfiguration;
			baseConfigurationReference = 0BFADE2F3C10D8A4A1905316 /* Pods-Lesson-06.release.xcconfig */;
			buildSettings = {
				ASSETCATALOG_COMPILER_APPICON_NAME = AppIcon;
				CODE_SIGN_STYLE = Automatic;
				INFOPLIST_FILE = "Lesson-06/Info.plist";
				LD_RUNPATH_SEARCH_PATHS = (
					"$(inherited)",
					"@executable_path/Frameworks",
				);
				PRODUCT_BUNDLE_IDENTIFIER = "com.tienpx.ios-training";
				PRODUCT_NAME = "$(TARGET_NAME)";
				SWIFT_VERSION = 4.2;
				TARGETED_DEVICE_FAMILY = "1,2";
			};
			name = Release;
		};
/* End XCBuildConfiguration section */

/* Begin XCConfigurationList section */
		CFFCE6EF21CA38DD00EC5BC8 /* Build configuration list for PBXProject "Lesson-06" */ = {
			isa = XCConfigurationList;
			buildConfigurations = (
				CFFCE70421CA38DF00EC5BC8 /* Debug */,
				CFFCE70521CA38DF00EC5BC8 /* Release */,
			);
			defaultConfigurationIsVisible = 0;
			defaultConfigurationName = Release;
		};
		CFFCE70621CA38DF00EC5BC8 /* Build configuration list for PBXNativeTarget "Lesson-06" */ = {
			isa = XCConfigurationList;
			buildConfigurations = (
				CFFCE70721CA38DF00EC5BC8 /* Debug */,
				CFFCE70821CA38DF00EC5BC8 /* Release */,
			);
			defaultConfigurationIsVisible = 0;
			defaultConfigurationName = Release;
		};
/* End XCConfigurationList section */
	};
	rootObject = CFFCE6EC21CA38DD00EC5BC8 /* Project object */;
}
